<?xml version="1.0" encoding="utf-8"?>
<Project ToolsVersion="4.0" xmlns="http://schemas.microsoft.com/developer/msbuild/2003">
  <ItemGroup>
    <ClInclude Include="boost_fwd.h" />
    <ClInclude Include="net\util.h">
      <Filter>net</Filter>
    </ClInclude>
    <ClInclude Include="net\tcp_client_impl.h">
      <Filter>net</Filter>
    </ClInclude>
    <ClInclude Include="net\tcp_client.h">
      <Filter>net</Filter>
    </ClInclude>
    <ClInclude Include="object_impl.h" />
    <ClInclude Include="scoped_ptr.h" />
    <ClInclude Include="object.h" />
    <ClInclude Include="net\http\http_server.h">
      <Filter>net\http</Filter>
    </ClInclude>
    <ClInclude Include="net\http\http_server_delegate.h">
      <Filter>net\http</Filter>
    </ClInclude>
    <ClInclude Include="net\http\http_websocket.h">
      <Filter>net\http</Filter>
    </ClInclude>
    <ClInclude Include="impl\net\http\http_websocket_impl.h">
      <Filter>impl\net\http</Filter>
    </ClInclude>
  </ItemGroup>
  <ItemGroup>
    <ClCompile Include="net\util.cpp">
      <Filter>net</Filter>
    </ClCompile>
    <ClCompile Include="net\tcp_client_impl.cpp">
      <Filter>net</Filter>
    </ClCompile>
    <ClCompile Include="impl\object_impl.cpp">
      <Filter>impl</Filter>
    </ClCompile>
    <ClCompile Include="net\http\http_server.cpp">
      <Filter>net\http</Filter>
    </ClCompile>
    <ClCompile Include="impl\net\http\http_websocket_impl.cpp">
      <Filter>impl\net\http</Filter>
    </ClCompile>
  </ItemGroup>
  <ItemGroup>
    <Filter Include="net">
      <UniqueIdentifier>{c583dec2-bc21-4485-b1d8-758ce797bc1c}</UniqueIdentifier>
    </Filter>
    <Filter Include="impl">
      <UniqueIdentifier>{475647a3-c37d-47b7-bcff-800df6eb5120}</UniqueIdentifier>
    </Filter>
    <Filter Include="net\http">
      <UniqueIdentifier>{5d134ae6-3d9f-43cf-8250-aebfee65c234}</UniqueIdentifier>
    </Filter>
    <Filter Include="impl\net">
      <UniqueIdentifier>{353e6d32-2691-4f9e-b68b-97ffffb5b827}</UniqueIdentifier>
    </Filter>
    <Filter Include="impl\net\http">
      <UniqueIdentifier>{68e04523-d45f-4c2b-8ae1-a7b424218e23}</UniqueIdentifier>
    </Filter>
  </ItemGroup>
</Project>